
Microsoft Visual Studio Solution File, Format Version 12.00
# Visual Studio Version 17
VisualStudioVersion = 17.9.34902.65
MinimumVisualStudioVersion = 10.0.40219.1
Project("{FAE04EC0-301F-11D3-BF4B-00C04F79EFBC}") = "Lab 8 Git", "Lab 8 Git\Lab 8 Git.csproj", "{724F6FEF-7DC2-4E2A-9436-276C62A231E3}"
EndProject
Global
	GlobalSection(SolutionConfigurationPlatforms) = preSolution
		Debug|Any CPU = Debug|Any CPU
		Release|Any CPU = Release|Any CPU
	EndGlobalSection
	GlobalSection(ProjectConfigurationPlatforms) = postSolution
		{724F6FEF-7DC2-4E2A-9436-276C62A231E3}.Debug|Any CPU.ActiveCfg = Debug|Any CPU
		{724F6FEF-7DC2-4E2A-9436-276C62A231E3}.Debug|Any CPU.Build.0 = Debug|Any CPU
		{724F6FEF-7DC2-4E2A-9436-276C62A231E3}.Release|Any CPU.ActiveCfg = Release|Any CPU
		{724F6FEF-7DC2-4E2A-9436-276C62A231E3}.Release|Any CPU.Build.0 = Release|Any CPU
	EndGlobalSection
	GlobalSection(SolutionProperties) = preSolution
		HideSolutionNode = FALSE
	EndGlobalSection
	GlobalSection(ExtensibilityGlobals) = postSolution
		SolutionGuid = {531F98ED-8333-4480-8634-4C1479FBF242}
	EndGlobalSection
EndGlobal
